
Microsoft Visual Studio Solution File, Format Version 12.00
# Visual Studio Version 17
VisualStudioVersion = 17.5.33530.505
MinimumVisualStudioVersion = 10.0.40219.1
Project("{9A19103F-16F7-4668-BE54-9A1E7A4F7556}") = "TaskVault.API", "src\TaskVault.API\TaskVault.API.csproj", "{B4482A6A-D922-43A3-B0A3-41A238211806}"
EndProject
Project("{9A19103F-16F7-4668-BE54-9A1E7A4F7556}") = "TaskVault.Application", "src\TaskVault.Application\TaskVault.Application.csproj", "{25DED61A-6069-4B4A-A9F2-09826EDAC239}"
EndProject
Project("{9A19103F-16F7-4668-BE54-9A1E7A4F7556}") = "TaskVault.Infrastructure", "src\TaskVault.Infrastructure\TaskVault.Infrastructure.csproj", "{13B523EF-7D17-4D95-9C51-7C2A485B7512}"
EndProject
Project("{9A19103F-16F7-4668-BE54-9A1E7A4F7556}") = "TaskVault.Domain", "src\TaskVault.Domain\TaskVault.Domain.csproj", "{1C3A4166-FC14-417E-B654-1A148D4DC6D6}"
EndProject
Project("{9A19103F-16F7-4668-BE54-9A1E7A4F7556}") = "TaskVault.Models", "src\TaskVault.Models\TaskVault.Models.csproj", "{3E180A17-C38F-44A1-8049-90B8BF8D66EE}"
EndProject
Project("{E53339B2-1760-4266-BCC7-CA923CBCF16C}") = "docker-compose", "docker-compose.dcproj", "{76D315AF-5768-445C-B01C-CB763C54A09E}"
EndProject
Project("{9A19103F-16F7-4668-BE54-9A1E7A4F7556}") = "TaskVault.Tools", "src\TaskVault.Tools\TaskVault.Tools.csproj", "{731EB541-6AB0-4455-8F61-06C973524064}"
EndProject
Project("{9A19103F-16F7-4668-BE54-9A1E7A4F7556}") = "TaskVault.SummaryAPI", "src\TaskVault.SummaryAPI\TaskVault.SummaryAPI.csproj", "{32C2F21D-EA86-4C26-8E05-180EEC67CC5A}"
EndProject
Global
	GlobalSection(SolutionConfigurationPlatforms) = preSolution
		Debug|Any CPU = Debug|Any CPU
		Release|Any CPU = Release|Any CPU
	EndGlobalSection
	GlobalSection(ProjectConfigurationPlatforms) = postSolution
		{B4482A6A-D922-43A3-B0A3-41A238211806}.Debug|Any CPU.ActiveCfg = Debug|Any CPU
		{B4482A6A-D922-43A3-B0A3-41A238211806}.Debug|Any CPU.Build.0 = Debug|Any CPU
		{B4482A6A-D922-43A3-B0A3-41A238211806}.Release|Any CPU.ActiveCfg = Release|Any CPU
		{B4482A6A-D922-43A3-B0A3-41A238211806}.Release|Any CPU.Build.0 = Release|Any CPU
		{25DED61A-6069-4B4A-A9F2-09826EDAC239}.Debug|Any CPU.ActiveCfg = Debug|Any CPU
		{25DED61A-6069-4B4A-A9F2-09826EDAC239}.Debug|Any CPU.Build.0 = Debug|Any CPU
		{25DED61A-6069-4B4A-A9F2-09826EDAC239}.Release|Any CPU.ActiveCfg = Release|Any CPU
		{25DED61A-6069-4B4A-A9F2-09826EDAC239}.Release|Any CPU.Build.0 = Release|Any CPU
		{13B523EF-7D17-4D95-9C51-7C2A485B7512}.Debug|Any CPU.ActiveCfg = Debug|Any CPU
		{13B523EF-7D17-4D95-9C51-7C2A485B7512}.Debug|Any CPU.Build.0 = Debug|Any CPU
		{13B523EF-7D17-4D95-9C51-7C2A485B7512}.Release|Any CPU.ActiveCfg = Release|Any CPU
		{13B523EF-7D17-4D95-9C51-7C2A485B7512}.Release|Any CPU.Build.0 = Release|Any CPU
		{1C3A4166-FC14-417E-B654-1A148D4DC6D6}.Debug|Any CPU.ActiveCfg = Debug|Any CPU
		{1C3A4166-FC14-417E-B654-1A148D4DC6D6}.Debug|Any CPU.Build.0 = Debug|Any CPU
		{1C3A4166-FC14-417E-B654-1A148D4DC6D6}.Release|Any CPU.ActiveCfg = Release|Any CPU
		{1C3A4166-FC14-417E-B654-1A148D4DC6D6}.Release|Any CPU.Build.0 = Release|Any CPU
		{3E180A17-C38F-44A1-8049-90B8BF8D66EE}.Debug|Any CPU.ActiveCfg = Debug|Any CPU
		{3E180A17-C38F-44A1-8049-90B8BF8D66EE}.Debug|Any CPU.Build.0 = Debug|Any CPU
		{3E180A17-C38F-44A1-8049-90B8BF8D66EE}.Release|Any CPU.ActiveCfg = Release|Any CPU
		{3E180A17-C38F-44A1-8049-90B8BF8D66EE}.Release|Any CPU.Build.0 = Release|Any CPU
		{76D315AF-5768-445C-B01C-CB763C54A09E}.Debug|Any CPU.ActiveCfg = Debug|Any CPU
		{76D315AF-5768-445C-B01C-CB763C54A09E}.Debug|Any CPU.Build.0 = Debug|Any CPU
		{76D315AF-5768-445C-B01C-CB763C54A09E}.Release|Any CPU.ActiveCfg = Release|Any CPU
		{76D315AF-5768-445C-B01C-CB763C54A09E}.Release|Any CPU.Build.0 = Release|Any CPU
		{731EB541-6AB0-4455-8F61-06C973524064}.Debug|Any CPU.ActiveCfg = Debug|Any CPU
		{731EB541-6AB0-4455-8F61-06C973524064}.Debug|Any CPU.Build.0 = Debug|Any CPU
		{731EB541-6AB0-4455-8F61-06C973524064}.Release|Any CPU.ActiveCfg = Release|Any CPU
		{731EB541-6AB0-4455-8F61-06C973524064}.Release|Any CPU.Build.0 = Release|Any CPU
		{32C2F21D-EA86-4C26-8E05-180EEC67CC5A}.Debug|Any CPU.ActiveCfg = Debug|Any CPU
		{32C2F21D-EA86-4C26-8E05-180EEC67CC5A}.Debug|Any CPU.Build.0 = Debug|Any CPU
		{32C2F21D-EA86-4C26-8E05-180EEC67CC5A}.Release|Any CPU.ActiveCfg = Release|Any CPU
		{32C2F21D-EA86-4C26-8E05-180EEC67CC5A}.Release|Any CPU.Build.0 = Release|Any CPU
	EndGlobalSection
	GlobalSection(SolutionProperties) = preSolution
		HideSolutionNode = FALSE
	EndGlobalSection
	GlobalSection(ExtensibilityGlobals) = postSolution
		SolutionGuid = {28A6CEEB-5293-40A4-B15E-0A578132005A}
	EndGlobalSection
EndGlobal
